
Microsoft Visual Studio Solution File, Format Version 12.00
# Visual Studio Version 17
VisualStudioVersion = 17.11.35312.102
MinimumVisualStudioVersion = 10.0.40219.1
Project("{FAE04EC0-301F-11D3-BF4B-00C04F79EFBC}") = "libraryManagmentSystem", "libraryManagmentSystem\libraryManagmentSystem.csproj", "{95DADE51-8CB4-4456-AC4B-74CDF944E93E}"
EndProject
Global
	GlobalSection(SolutionConfigurationPlatforms) = preSolution
		Debug|Any CPU = Debug|Any CPU
		Release|Any CPU = Release|Any CPU
	EndGlobalSection
	GlobalSection(ProjectConfigurationPlatforms) = postSolution
		{95DADE51-8CB4-4456-AC4B-74CDF944E93E}.Debug|Any CPU.ActiveCfg = Debug|Any CPU
		{95DADE51-8CB4-4456-AC4B-74CDF944E93E}.Debug|Any CPU.Build.0 = Debug|Any CPU
		{95DADE51-8CB4-4456-AC4B-74CDF944E93E}.Release|Any CPU.ActiveCfg = Release|Any CPU
		{95DADE51-8CB4-4456-AC4B-74CDF944E93E}.Release|Any CPU.Build.0 = Release|Any CPU
	EndGlobalSection
	GlobalSection(SolutionProperties) = preSolution
		HideSolutionNode = FALSE
	EndGlobalSection
	GlobalSection(ExtensibilityGlobals) = postSolution
		SolutionGuid = {B5FBEE3D-E6EB-44E9-BE95-7FC23CF78A0B}
	EndGlobalSection
EndGlobal
